
Microsoft Visual Studio Solution File, Format Version 12.00
# Visual Studio Version 17
VisualStudioVersion = 17.13.35931.197 d17.13
MinimumVisualStudioVersion = 10.0.40219.1
Project("{FAE04EC0-301F-11D3-BF4B-00C04F79EFBC}") = "MOU_CSV", "MOU_CSV\MOU_CSV.csproj", "{D582D6B0-CD17-45D4-AD43-A096F2C2E9E8}"
EndProject
Global
	GlobalSection(SolutionConfigurationPlatforms) = preSolution
		Debug|Any CPU = Debug|Any CPU
		Release|Any CPU = Release|Any CPU
	EndGlobalSection
	GlobalSection(ProjectConfigurationPlatforms) = postSolution
		{D582D6B0-CD17-45D4-AD43-A096F2C2E9E8}.Debug|Any CPU.ActiveCfg = Debug|Any CPU
		{D582D6B0-CD17-45D4-AD43-A096F2C2E9E8}.Debug|Any CPU.Build.0 = Debug|Any CPU
		{D582D6B0-CD17-45D4-AD43-A096F2C2E9E8}.Release|Any CPU.ActiveCfg = Release|Any CPU
		{D582D6B0-CD17-45D4-AD43-A096F2C2E9E8}.Release|Any CPU.Build.0 = Release|Any CPU
	EndGlobalSection
	GlobalSection(SolutionProperties) = preSolution
		HideSolutionNode = FALSE
	EndGlobalSection
	GlobalSection(ExtensibilityGlobals) = postSolution
		SolutionGuid = {8A6EF5A3-252D-4725-B2AA-1E6684C49080}
	EndGlobalSection
EndGlobal
